
Microsoft Visual Studio Solution File, Format Version 12.00
# Visual Studio Version 17
VisualStudioVersion = 17.5.33424.131
MinimumVisualStudioVersion = 10.0.40219.1
Project("{8BC9CEB8-8B4A-11D0-8D11-00A0C91BC942}") = "Console Game", "Console Game\Console Game.vcxproj", "{52ED57E5-0EAB-4487-8E2C-3A2BC14FF744}"
EndProject
Global
	GlobalSection(SolutionConfigurationPlatforms) = preSolution
		Debug|x64 = Debug|x64
		Debug|x86 = Debug|x86
		Release|x64 = Release|x64
		Release|x86 = Release|x86
	EndGlobalSection
	GlobalSection(ProjectConfigurationPlatforms) = postSolution
		{52ED57E5-0EAB-4487-8E2C-3A2BC14FF744}.Debug|x64.ActiveCfg = Debug|x64
		{52ED57E5-0EAB-4487-8E2C-3A2BC14FF744}.Debug|x64.Build.0 = Debug|x64
		{52ED57E5-0EAB-4487-8E2C-3A2BC14FF744}.Debug|x86.ActiveCfg = Debug|Win32
		{52ED57E5-0EAB-4487-8E2C-3A2BC14FF744}.Debug|x86.Build.0 = Debug|Win32
		{52ED57E5-0EAB-4487-8E2C-3A2BC14FF744}.Release|x64.ActiveCfg = Release|x64
		{52ED57E5-0EAB-4487-8E2C-3A2BC14FF744}.Release|x64.Build.0 = Release|x64
		{52ED57E5-0EAB-4487-8E2C-3A2BC14FF744}.Release|x86.ActiveCfg = Release|Win32
		{52ED57E5-0EAB-4487-8E2C-3A2BC14FF744}.Release|x86.Build.0 = Release|Win32
	EndGlobalSection
	GlobalSection(SolutionProperties) = preSolution
		HideSolutionNode = FALSE
	EndGlobalSection
	GlobalSection(ExtensibilityGlobals) = postSolution
		SolutionGuid = {6B8DD2C0-2772-47C2-8035-82793FE1BB40}
	EndGlobalSection
EndGlobal
